// !$*UTF8*$!
{
	archiveVersion = 1;
	classes = {
	};
	objectVersion = 56;
	objects = {

/* Begin PBXBuildFile section */
		647835212900E5E000AAB95D /* AViewController.swift in Sources */ = {isa = PBXBuildFile; fileRef = 647835202900E5E000AAB95D /* AViewController.swift */; };
		647835232900E5EE00AAB95D /* BViewController.swift in Sources */ = {isa = PBXBuildFile; fileRef = 647835222900E5EE00AAB95D /* BViewController.swift */; };
		647835252900ED6800AAB95D /* Sub.storyboard in Resources */ = {isa = PBXBuildFile; fileRef = 647835242900ED6800AAB95D /* Sub.storyboard */; };
		647835272900ED9200AAB95D /* SubViewController.swift in Sources */ = {isa = PBXBuildFile; fileRef = 647835262900ED9200AAB95D /* SubViewController.swift */; };
		647F72BD2900DFD3005253B6 /* MainViewController.swift in Sources */ = {isa = PBXBuildFile; fileRef = 647F72BC2900DFD3005253B6 /* MainViewController.swift */; };
		64FA60212900DE3C005DE4CE /* AppDelegate.swift in Sources */ = {isa = PBXBuildFile; fileRef = 64FA60202900DE3C005DE4CE /* AppDelegate.swift */; };
		64FA60232900DE3C005DE4CE /* SceneDelegate.swift in Sources */ = {isa = PBXBuildFile; fileRef = 64FA60222900DE3C005DE4CE /* SceneDelegate.swift */; };
		64FA60282900DE3C005DE4CE /* Main.storyboard in Resources */ = {isa = PBXBuildFile; fileRef = 64FA60262900DE3C005DE4CE /* Main.storyboard */; };
		64FA602A2900DE3D005DE4CE /* Assets.xcassets in Resources */ = {isa = PBXBuildFile; fileRef = 64FA60292900DE3D005DE4CE /* Assets.xcassets */; };
		64FA602D2900DE3D005DE4CE /* LaunchScreen.storyboard in Resources */ = {isa = PBXBuildFile; fileRef = 64FA602B2900DE3D005DE4CE /* LaunchScreen.storyboard */; };
/* End PBXBuildFile section */

/* Begin PBXFileReference section */
		647835202900E5E000AAB95D /* AViewController.swift */ = {isa = PBXFileReference; lastKnownFileType = sourcecode.swift; path = AViewController.swift; sourceTree = "<group>"; };
		647835222900E5EE00AAB95D /* BViewController.swift */ = {isa = PBXFileReference; lastKnownFileType = sourcecode.swift; path = BViewController.swift; sourceTree = "<group>"; };
		647835242900ED6800AAB95D /* Sub.storyboard */ = {isa = PBXFileReference; lastKnownFileType = file.storyboard; path = Sub.storyboard; sourceTree = "<group>"; };
		647835262900ED9200AAB95D /* SubViewController.swift */ = {isa = PBXFileReference; lastKnownFileType = sourcecode.swift; path = SubViewController.swift; sourceTree = "<group>"; };
		647F72BC2900DFD3005253B6 /* MainViewController.swift */ = {isa = PBXFileReference; lastKnownFileType = sourcecode.swift; path = MainViewController.swift; sourceTree = "<group>"; };
		64FA601D2900DE3C005DE4CE /* StoryboardEx.app */ = {isa = PBXFileReference; explicitFileType = wrapper.application; includeInIndex = 0; path = StoryboardEx.app; sourceTree = BUILT_PRODUCTS_DIR; };
		64FA60202900DE3C005DE4CE /* AppDelegate.swift */ = {isa = PBXFileReference; lastKnownFileType = sourcecode.swift; path = AppDelegate.swift; sourceTree = "<group>"; };
		64FA60222900DE3C005DE4CE /* SceneDelegate.swift */ = {isa = PBXFileReference; lastKnownFileType = sourcecode.swift; path = SceneDelegate.swift; sourceTree = "<group>"; };
		64FA60272900DE3C005DE4CE /* Base */ = {isa = PBXFileReference; lastKnownFileType = file.storyboard; name = Base; path = Base.lproj/Main.storyboard; sourceTree = "<group>"; };
		64FA60292900DE3D005DE4CE /* Assets.xcassets */ = {isa = PBXFileReference; lastKnownFileType = folder.assetcatalog; path = Assets.xcassets; sourceTree = "<group>"; };
		64FA602C2900DE3D005DE4CE /* Base */ = {isa = PBXFileReference; lastKnownFileType = file.storyboard; name = Base; path = Base.lproj/LaunchScreen.storyboard; sourceTree = "<group>"; };
		64FA602E2900DE3D005DE4CE /* Info.plist */ = {isa = PBXFileReference; lastKnownFileType = text.plist.xml; path = Info.plist; sourceTree = "<group>"; };
/* End PBXFileReference section */

/* Begin PBXFrameworksBuildPhase section */
		64FA601A2900DE3C005DE4CE /* Frameworks */ = {
			isa = PBXFrameworksBuildPhase;
			buildActionMask = 2147483647;
			files = (
			);
			runOnlyForDeploymentPostprocessing = 0;
		};
/* End PBXFrameworksBuildPhase section */

/* Begin PBXGroup section */
		64FA60142900DE3C005DE4CE = {
			isa = PBXGroup;
			children = (
				64FA601F2900DE3C005DE4CE /* StoryboardEx */,
				64FA601E2900DE3C005DE4CE /* Products */,
			);
			sourceTree = "<group>";
		};
		64FA601E2900DE3C005DE4CE /* Products */ = {
			isa = PBXGroup;
			children = (
				64FA601D2900DE3C005DE4CE /* StoryboardEx.app */,
			);
			name = Products;
			sourceTree = "<group>";
		};
		64FA601F2900DE3C005DE4CE /* StoryboardEx */ = {
			isa = PBXGroup;
			children = (
				64FA60262900DE3C005DE4CE /* Main.storyboard */,
				647835242900ED6800AAB95D /* Sub.storyboard */,
				64FA60202900DE3C005DE4CE /* AppDelegate.swift */,
				64FA60222900DE3C005DE4CE /* SceneDelegate.swift */,
				647F72BC2900DFD3005253B6 /* MainViewController.swift */,
				64FA60292900DE3D005DE4CE /* Assets.xcassets */,
				64FA602B2900DE3D005DE4CE /* LaunchScreen.storyboard */,
				64FA602E2900DE3D005DE4CE /* Info.plist */,
				647835202900E5E000AAB95D /* AViewController.swift */,
				647835222900E5EE00AAB95D /* BViewController.swift */,
				647835262900ED9200AAB95D /* SubViewController.swift */,
			);
			path = StoryboardEx;
			sourceTree = "<group>";
		};
/* End PBXGroup section */

/* Begin PBXNativeTarget section */
		64FA601C2900DE3C005DE4CE /* StoryboardEx */ = {
			isa = PBXNativeTarget;
			buildConfigurationList = 64FA60312900DE3D005DE4CE /* Build configuration list for PBXNativeTarget "StoryboardEx" */;
			buildPhases = (
				64FA60192900DE3C005DE4CE /* Sources */,
				64FA601A2900DE3C005DE4CE /* Frameworks */,
				64FA601B2900DE3C005DE4CE /* Resources */,
			);
			buildRules = (
			);
			dependencies = (
			);
			name = StoryboardEx;
			productName = StoryboardEx;
			productReference = 64FA601D2900DE3C005DE4CE /* StoryboardEx.app */;
			productType = "com.apple.product-type.application";
		};
/* End PBXNativeTarget section */

/* Begin PBXProject section */
		64FA60152900DE3C005DE4CE /* Project object */ = {
			isa = PBXProject;
			attributes = {
				BuildIndependentTargetsInParallel = 1;
				LastSwiftUpdateCheck = 1400;
				LastUpgradeCheck = 1400;
				TargetAttributes = {
					64FA601C2900DE3C005DE4CE = {
						CreatedOnToolsVersion = 14.0.1;
					};
				};
			};
			buildConfigurationList = 64FA60182900DE3C005DE4CE /* Build configuration list for PBXProject "StoryboardEx" */;
			compatibilityVersion = "Xcode 14.0";
			developmentRegion = en;
			hasScannedForEncodings = 0;
			knownRegions = (
				en,
				Base,
			);
			mainGroup = 64FA60142900DE3C005DE4CE;
			productRefGroup = 64FA601E2900DE3C005DE4CE /* Products */;
			projectDirPath = "";
			projectRoot = "";
			targets = (
				64FA601C2900DE3C005DE4CE /* StoryboardEx */,
			);
		};
/* End PBXProject section */

/* Begin PBXResourcesBuildPhase section */
		64FA601B2900DE3C005DE4CE /* Resources */ = {
			isa = PBXResourcesBuildPhase;
			buildActionMask = 2147483647;
			files = (
				64FA602D2900DE3D005DE4CE /* LaunchScreen.storyboard in Resources */,
				64FA602A2900DE3D005DE4CE /* Assets.xcassets in Resources */,
				64FA60282900DE3C005DE4CE /* Main.storyboard in Resources */,
				647835252900ED6800AAB95D /* Sub.storyboard in Resources */,
			);
			runOnlyForDeploymentPostprocessing = 0;
		};
/* End PBXResourcesBuildPhase section */

/* Begin PBXSourcesBuildPhase section */
		64FA60192900DE3C005DE4CE /* Sources */ = {
			isa = PBXSourcesBuildPhase;
			buildActionMask = 2147483647;
			files = (
				647835212900E5E000AAB95D /* AViewController.swift in Sources */,
				647F72BD2900DFD3005253B6 /* MainViewController.swift in Sources */,
				64FA60212900DE3C005DE4CE /* AppDelegate.swift in Sources */,
				647835272900ED9200AAB95D /* SubViewController.swift in Sources */,
				647835232900E5EE00AAB95D /* BViewController.swift in Sources */,
				64FA60232900DE3C005DE4CE /* SceneDelegate.swift in Sources */,
			);
			runOnlyForDeploymentPostprocessing = 0;
		};
/* End PBXSourcesBuildPhase section */

/* Begin PBXVariantGroup section */
		64FA60262900DE3C005DE4CE /* Main.storyboard */ = {
			isa = PBXVariantGroup;
			children = (
				64FA60272900DE3C005DE4CE /* Base */,
			);
			name = Main.storyboard;
			sourceTree = "<group>";
		};
		64FA602B2900DE3D005DE4CE /* LaunchScreen.storyboard */ = {
			isa = PBXVariantGroup;
			children = (
				64FA602C2900DE3D005DE4CE /* Base */,
			);
			name = LaunchScreen.storyboard;
			sourceTree = "<group>";
		};
/* End PBXVariantGroup section */

/* Begin XCBuildConfiguration section */
		64FA602F2900DE3D005DE4CE /* Debug */ = {
			isa = XCBuildConfiguration;
			buildSettings = {
				ALWAYS_SEARCH_USER_PATHS = NO;
				CLANG_ANALYZER_NONNULL = YES;
				CLANG_ANALYZER_NUMBER_OBJECT_CONVERSION = YES_AGGRESSIVE;
				CLANG_CXX_LANGUAGE_STANDARD = "gnu++20";
				CLANG_ENABLE_MODULES = YES;
				CLANG_ENABLE_OBJC_ARC = YES;
				CLANG_ENABLE_OBJC_WEAK = YES;
				CLANG_WARN_BLOCK_CAPTURE_AUTORELEASING = YES;
				CLANG_WARN_BOOL_CONVERSION = YES;
				CLANG_WARN_COMMA = YES;
				CLANG_WARN_CONSTANT_CONVERSION = YES;
				CLANG_WARN_DEPRECATED_OBJC_IMPLEMENTATIONS = YES;
				CLANG_WARN_DIRECT_OBJC_ISA_USAGE = YES_ERROR;
				CLANG_WARN_DOCUMENTATION_COMMENTS = YES;
				CLANG_WARN_EMPTY_BODY = YES;
				CLANG_WARN_ENUM_CONVERSION = YES;
				CLANG_WARN_INFINITE_RECURSION = YES;
				CLANG_WARN_INT_CONVERSION = YES;
				CLANG_WARN_NON_LITERAL_NULL_CONVERSION = YES;
				CLANG_WARN_OBJC_IMPLICIT_RETAIN_SELF = YES;
				CLANG_WARN_OBJC_LITERAL_CONVERSION = YES;
				CLANG_WARN_OBJC_ROOT_CLASS = YES_ERROR;
				CLANG_WARN_QUOTED_INCLUDE_IN_FRAMEWORK_HEADER = YES;
				CLANG_WARN_RANGE_LOOP_ANALYSIS = YES;
				CLANG_WARN_STRICT_PROTOTYPES = YES;
				CLANG_WARN_SUSPICIOUS_MOVE = YES;
				CLANG_WARN_UNGUARDED_AVAILABILITY = YES_AGGRESSIVE;
				CLANG_WARN_UNREACHABLE_CODE = YES;
				CLANG_WARN__DUPLICATE_METHOD_MATCH = YES;
				COPY_PHASE_STRIP = NO;
				DEBUG_INFORMATION_FORMAT = dwarf;
				ENABLE_STRICT_OBJC_MSGSEND = YES;
				ENABLE_TESTABILITY = YES;
				GCC_C_LANGUAGE_STANDARD = gnu11;
				GCC_DYNAMIC_NO_PIC = NO;
				GCC_NO_COMMON_BLOCKS = YES;
				GCC_OPTIMIZATION_LEVEL = 0;
				GCC_PREPROCESSOR_DEFINITIONS = (
					"DEBUG=1",
					"$(inherited)",
				);
				GCC_WARN_64_TO_32_BIT_CONVERSION = YES;
				GCC_WARN_ABOUT_RETURN_TYPE = YES_ERROR;
				GCC_WARN_UNDECLARED_SELECTOR = YES;
				GCC_WARN_UNINITIALIZED_AUTOS = YES_AGGRESSIVE;
				GCC_WARN_UNUSED_FUNCTION = YES;
				GCC_WARN_UNUSED_VARIABLE = YES;
				IPHONEOS_DEPLOYMENT_TARGET = 16.0;
				MTL_ENABLE_DEBUG_INFO = INCLUDE_SOURCE;
				MTL_FAST_MATH = YES;
				ONLY_ACTIVE_ARCH = YES;
				SDKROOT = iphoneos;
				SWIFT_ACTIVE_COMPILATION_CONDITIONS = DEBUG;
				SWIFT_OPTIMIZATION_LEVEL = "-Onone";
			};
			name = Debug;
		};
		64FA60302900DE3D005DE4CE /* Release */ = {
			isa = XCBuildConfiguration;
			buildSettings = {
				ALWAYS_SEARCH_USER_PATHS = NO;
				CLANG_ANALYZER_NONNULL = YES;
				CLANG_ANALYZER_NUMBER_OBJECT_CONVERSION = YES_AGGRESSIVE;
				CLANG_CXX_LANGUAGE_STANDARD = "gnu++20";
				CLANG_ENABLE_MODULES = YES;
				CLANG_ENABLE_OBJC_ARC = YES;
				CLANG_ENABLE_OBJC_WEAK = YES;
				CLANG_WARN_BLOCK_CAPTURE_AUTORELEASING = YES;
				CLANG_WARN_BOOL_CONVERSION = YES;
				CLANG_WARN_COMMA = YES;
				CLANG_WARN_CONSTANT_CONVERSION = YES;
				CLANG_WARN_DEPRECATED_OBJC_IMPLEMENTATIONS = YES;
				CLANG_WARN_DIRECT_OBJC_ISA_USAGE = YES_ERROR;
				CLANG_WARN_DOCUMENTATION_COMMENTS = YES;
				CLANG_WARN_EMPTY_BODY = YES;
				CLANG_WARN_ENUM_CONVERSION = YES;
				CLANG_WARN_INFINITE_RECURSION = YES;
				CLANG_WARN_INT_CONVERSION = YES;
				CLANG_WARN_NON_LITERAL_NULL_CONVERSION = YES;
				CLANG_WARN_OBJC_IMPLICIT_RETAIN_SELF = YES;
				CLANG_WARN_OBJC_LITERAL_CONVERSION = YES;
				CLANG_WARN_OBJC_ROOT_CLASS = YES_ERROR;
				CLANG_WARN_QUOTED_INCLUDE_IN_FRAMEWORK_HEADER = YES;
				CLANG_WARN_RANGE_LOOP_ANALYSIS = YES;
				CLANG_WARN_STRICT_PROTOTYPES = YES;
				CLANG_WARN_SUSPICIOUS_MOVE = YES;
				CLANG_WARN_UNGUARDED_AVAILABILITY = YES_AGGRESSIVE;
				CLANG_WARN_UNREACHABLE_CODE = YES;
				CLANG_WARN__DUPLICATE_METHOD_MATCH = YES;
				COPY_PHASE_STRIP = NO;
				DEBUG_INFORMATION_FORMAT = "dwarf-with-dsym";
				ENABLE_NS_ASSERTIONS = NO;
				ENABLE_STRICT_OBJC_MSGSEND = YES;
				GCC_C_LANGUAGE_STANDARD = gnu11;
				GCC_NO_COMMON_BLOCKS = YES;
				GCC_WARN_64_TO_32_BIT_CONVERSION = YES;
				GCC_WARN_ABOUT_RETURN_TYPE = YES_ERROR;
				GCC_WARN_UNDECLARED_SELECTOR = YES;
				GCC_WARN_UNINITIALIZED_AUTOS = YES_AGGRESSIVE;
				GCC_WARN_UNUSED_FUNCTION = YES;
				GCC_WARN_UNUSED_VARIABLE = YES;
				IPHONEOS_DEPLOYMENT_TARGET = 16.0;
				MTL_ENABLE_DEBUG_INFO = NO;
				MTL_FAST_MATH = YES;
				SDKROOT = iphoneos;
				SWIFT_COMPILATION_MODE = wholemodule;
				SWIFT_OPTIMIZATION_LEVEL = "-O";
				VALIDATE_PRODUCT = YES;
			};
			name = Release;
		};
		64FA60322900DE3D005DE4CE /* Debug */ = {
			isa = XCBuildConfiguration;
			buildSettings = {
				ASSETCATALOG_COMPILER_APPICON_NAME = AppIcon;
				ASSETCATALOG_COMPILER_GLOBAL_ACCENT_COLOR_NAME = AccentColor;
				CODE_SIGN_STYLE = Automatic;
				CURRENT_PROJECT_VERSION = 1;
				GENERATE_INFOPLIST_FILE = YES;
				INFOPLIST_FILE = StoryboardEx/Info.plist;
				INFOPLIST_KEY_UIApplicationSupportsIndirectInputEvents = YES;
				INFOPLIST_KEY_UILaunchStoryboardName = LaunchScreen;
				INFOPLIST_KEY_UIMainStoryboardFile = Main;
				INFOPLIST_KEY_UISupportedInterfaceOrientations_iPad = "UIInterfaceOrientationPortrait UIInterfaceOrientationPortraitUpsideDown UIInterfaceOrientationLandscapeLeft UIInterfaceOrientationLandscapeRight";
				INFOPLIST_KEY_UISupportedInterfaceOrientations_iPhone = "UIInterfaceOrientationPortrait UIInterfaceOrientationLandscapeLeft UIInterfaceOrientationLandscapeRight";
				LD_RUNPATH_SEARCH_PATHS = (
					"$(inherited)",
					"@executable_path/Frameworks",
				);
				MARKETING_VERSION = 1.0;
				PRODUCT_BUNDLE_IDENTIFIER = net.womansup2022.lyr.StoryboardEx;
				PRODUCT_NAME = "$(TARGET_NAME)";
				SWIFT_EMIT_LOC_STRINGS = YES;
				SWIFT_VERSION = 5.0;
				TARGETED_DEVICE_FAMILY = "1,2";
			};
			name = Debug;
		};
		64FA60332900DE3D005DE4CE /* Release */ = {
			isa = XCBuildConfiguration;
			buildSettings = {
				ASSETCATALOG_COMPILER_APPICON_NAME = AppIcon;
				ASSETCATALOG_COMPILER_GLOBAL_ACCENT_COLOR_NAME = AccentColor;
				CODE_SIGN_STYLE = Automatic;
				CURRENT_PROJECT_VERSION = 1;
				GENERATE_INFOPLIST_FILE = YES;
				INFOPLIST_FILE = StoryboardEx/Info.plist;
				INFOPLIST_KEY_UIApplicationSupportsIndirectInputEvents = YES;
				INFOPLIST_KEY_UILaunchStoryboardName = LaunchScreen;
				INFOPLIST_KEY_UIMainStoryboardFile = Main;
				INFOPLIST_KEY_UISupportedInterfaceOrientations_iPad = "UIInterfaceOrientationPortrait UIInterfaceOrientationPortraitUpsideDown UIInterfaceOrientationLandscapeLeft UIInterfaceOrientationLandscapeRight";
				INFOPLIST_KEY_UISupportedInterfaceOrientations_iPhone = "UIInterfaceOrientationPortrait UIInterfaceOrientationLandscapeLeft UIInterfaceOrientationLandscapeRight";
				LD_RUNPATH_SEARCH_PATHS = (
					"$(inherited)",
					"@executable_path/Frameworks",
				);
				MARKETING_VERSION = 1.0;
				PRODUCT_BUNDLE_IDENTIFIER = net.womansup2022.lyr.StoryboardEx;
				PRODUCT_NAME = "$(TARGET_NAME)";
				SWIFT_EMIT_LOC_STRINGS = YES;
				SWIFT_VERSION = 5.0;
				TARGETED_DEVICE_FAMILY = "1,2";
			};
			name = Release;
		};
/* End XCBuildConfiguration section */

/* Begin XCConfigurationList section */
		64FA60182900DE3C005DE4CE /* Build configuration list for PBXProject "StoryboardEx" */ = {
			isa = XCConfigurationList;
			buildConfigurations = (
				64FA602F2900DE3D005DE4CE /* Debug */,
				64FA60302900DE3D005DE4CE /* Release */,
			);
			defaultConfigurationIsVisible = 0;
			defaultConfigurationName = Release;
		};
		64FA60312900DE3D005DE4CE /* Build configuration list for PBXNativeTarget "StoryboardEx" */ = {
			isa = XCConfigurationList;
			buildConfigurations = (
				64FA60322900DE3D005DE4CE /* Debug */,
				64FA60332900DE3D005DE4CE /* Release */,
			);
			defaultConfigurationIsVisible = 0;
			defaultConfigurationName = Release;
		};
/* End XCConfigurationList section */
	};
	rootObject = 64FA60152900DE3C005DE4CE /* Project object */;
}
